// !$*UTF8*$!
{
	archiveVersion = 1;
	classes = {
	};
	objectVersion = 50;
	objects = {

/* Begin PBXBuildFile section */
		78FBAA17208FB76C000FD863 /* AppDelegate.swift in Sources */ = {isa = PBXBuildFile; fileRef = 78FBAA16208FB76C000FD863 /* AppDelegate.swift */; };
		78FBAA19208FB76C000FD863 /* ViewController.swift in Sources */ = {isa = PBXBuildFile; fileRef = 78FBAA18208FB76C000FD863 /* ViewController.swift */; };
		78FBAA1C208FB76C000FD863 /* Main.storyboard in Resources */ = {isa = PBXBuildFile; fileRef = 78FBAA1A208FB76C000FD863 /* Main.storyboard */; };
		78FBAA1E208FB76D000FD863 /* Assets.xcassets in Resources */ = {isa = PBXBuildFile; fileRef = 78FBAA1D208FB76D000FD863 /* Assets.xcassets */; };
		78FBAA21208FB76D000FD863 /* LaunchScreen.storyboard in Resources */ = {isa = PBXBuildFile; fileRef = 78FBAA1F208FB76D000FD863 /* LaunchScreen.storyboard */; };
		78FBAA29208FBC83000FD863 /* CreateAccountViewController.swift in Sources */ = {isa = PBXBuildFile; fileRef = 78FBAA28208FBC83000FD863 /* CreateAccountViewController.swift */; };
		78FBAA2B208FBC98000FD863 /* LoginViewController.swift in Sources */ = {isa = PBXBuildFile; fileRef = 78FBAA2A208FBC98000FD863 /* LoginViewController.swift */; };
		78FBAA2D208FBCA9000FD863 /* ViewAccountViewController.swift in Sources */ = {isa = PBXBuildFile; fileRef = 78FBAA2C208FBCA9000FD863 /* ViewAccountViewController.swift */; };
/* End PBXBuildFile section */

/* Begin PBXFileReference section */
		78FBAA13208FB76C000FD863 /* LAMPinator.app */ = {isa = PBXFileReference; explicitFileType = wrapper.application; includeInIndex = 0; path = LAMPinator.app; sourceTree = BUILT_PRODUCTS_DIR; };
		78FBAA16208FB76C000FD863 /* AppDelegate.swift */ = {isa = PBXFileReference; lastKnownFileType = sourcecode.swift; path = AppDelegate.swift; sourceTree = "<group>"; };
		78FBAA18208FB76C000FD863 /* ViewController.swift */ = {isa = PBXFileReference; lastKnownFileType = sourcecode.swift; path = ViewController.swift; sourceTree = "<group>"; };
		78FBAA1B208FB76C000FD863 /* Base */ = {isa = PBXFileReference; lastKnownFileType = file.storyboard; name = Base; path = Base.lproj/Main.storyboard; sourceTree = "<group>"; };
		78FBAA1D208FB76D000FD863 /* Assets.xcassets */ = {isa = PBXFileReference; lastKnownFileType = folder.assetcatalog; path = Assets.xcassets; sourceTree = "<group>"; };
		78FBAA20208FB76D000FD863 /* Base */ = {isa = PBXFileReference; lastKnownFileType = file.storyboard; name = Base; path = Base.lproj/LaunchScreen.storyboard; sourceTree = "<group>"; };
		78FBAA22208FB76D000FD863 /* Info.plist */ = {isa = PBXFileReference; lastKnownFileType = text.plist.xml; path = Info.plist; sourceTree = "<group>"; };
		78FBAA28208FBC83000FD863 /* CreateAccountViewController.swift */ = {isa = PBXFileReference; lastKnownFileType = sourcecode.swift; path = CreateAccountViewController.swift; sourceTree = "<group>"; };
		78FBAA2A208FBC98000FD863 /* LoginViewController.swift */ = {isa = PBXFileReference; lastKnownFileType = sourcecode.swift; path = LoginViewController.swift; sourceTree = "<group>"; };
		78FBAA2C208FBCA9000FD863 /* ViewAccountViewController.swift */ = {isa = PBXFileReference; lastKnownFileType = sourcecode.swift; path = ViewAccountViewController.swift; sourceTree = "<group>"; };
/* End PBXFileReference section */

/* Begin PBXFrameworksBuildPhase section */
		78FBAA10208FB76C000FD863 /* Frameworks */ = {
			isa = PBXFrameworksBuildPhase;
			buildActionMask = 2147483647;
			files = (
			);
			runOnlyForDeploymentPostprocessing = 0;
		};
/* End PBXFrameworksBuildPhase section */

/* Begin PBXGroup section */
		78FBAA0A208FB76C000FD863 = {
			isa = PBXGroup;
			children = (
				78FBAA15208FB76C000FD863 /* LAMPinator */,
				78FBAA14208FB76C000FD863 /* Products */,
			);
			sourceTree = "<group>";
		};
		78FBAA14208FB76C000FD863 /* Products */ = {
			isa = PBXGroup;
			children = (
				78FBAA13208FB76C000FD863 /* LAMPinator.app */,
			);
			name = Products;
			sourceTree = "<group>";
		};
		78FBAA15208FB76C000FD863 /* LAMPinator */ = {
			isa = PBXGroup;
			children = (
				78FBAA16208FB76C000FD863 /* AppDelegate.swift */,
				78FBAA18208FB76C000FD863 /* ViewController.swift */,
				78FBAA1A208FB76C000FD863 /* Main.storyboard */,
				78FBAA1D208FB76D000FD863 /* Assets.xcassets */,
				78FBAA1F208FB76D000FD863 /* LaunchScreen.storyboard */,
				78FBAA22208FB76D000FD863 /* Info.plist */,
				78FBAA28208FBC83000FD863 /* CreateAccountViewController.swift */,
				78FBAA2A208FBC98000FD863 /* LoginViewController.swift */,
				78FBAA2C208FBCA9000FD863 /* ViewAccountViewController.swift */,
			);
			path = LAMPinator;
			sourceTree = "<group>";
		};
/* End PBXGroup section */

/* Begin PBXNativeTarget section */
		78FBAA12208FB76C000FD863 /* LAMPinator */ = {
			isa = PBXNativeTarget;
			buildConfigurationList = 78FBAA25208FB76D000FD863 /* Build configuration list for PBXNativeTarget "LAMPinator" */;
			buildPhases = (
				78FBAA0F208FB76C000FD863 /* Sources */,
				78FBAA10208FB76C000FD863 /* Frameworks */,
				78FBAA11208FB76C000FD863 /* Resources */,
			);
			buildRules = (
			);
			dependencies = (
			);
			name = LAMPinator;
			productName = LAMPinator;
			productReference = 78FBAA13208FB76C000FD863 /* LAMPinator.app */;
			productType = "com.apple.product-type.application";
		};
/* End PBXNativeTarget section */

/* Begin PBXProject section */
		78FBAA0B208FB76C000FD863 /* Project object */ = {
			isa = PBXProject;
			attributes = {
				LastSwiftUpdateCheck = 0930;
				LastUpgradeCheck = 0930;
				ORGANIZATIONNAME = jck125.case.edu;
				TargetAttributes = {
					78FBAA12208FB76C000FD863 = {
						CreatedOnToolsVersion = 9.3;
					};
				};
			};
			buildConfigurationList = 78FBAA0E208FB76C000FD863 /* Build configuration list for PBXProject "LAMPinator" */;
			compatibilityVersion = "Xcode 9.3";
			developmentRegion = en;
			hasScannedForEncodings = 0;
			knownRegions = (
				en,
				Base,
			);
			mainGroup = 78FBAA0A208FB76C000FD863;
			productRefGroup = 78FBAA14208FB76C000FD863 /* Products */;
			projectDirPath = "";
			projectRoot = "";
			targets = (
				78FBAA12208FB76C000FD863 /* LAMPinator */,
			);
		};
/* End PBXProject section */

/* Begin PBXResourcesBuildPhase section */
		78FBAA11208FB76C000FD863 /* Resources */ = {
			isa = PBXResourcesBuildPhase;
			buildActionMask = 2147483647;
			files = (
				78FBAA21208FB76D000FD863 /* LaunchScreen.storyboard in Resources */,
				78FBAA1E208FB76D000FD863 /* Assets.xcassets in Resources */,
				78FBAA1C208FB76C000FD863 /* Main.storyboard in Resources */,
			);
			runOnlyForDeploymentPostprocessing = 0;
		};
/* End PBXResourcesBuildPhase section */

/* Begin PBXSourcesBuildPhase section */
		78FBAA0F208FB76C000FD863 /* Sources */ = {
			isa = PBXSourcesBuildPhase;
			buildActionMask = 2147483647;
			files = (
				78FBAA2B208FBC98000FD863 /* LoginViewController.swift in Sources */,
				78FBAA29208FBC83000FD863 /* CreateAccountViewController.swift in Sources */,
				78FBAA2D208FBCA9000FD863 /* ViewAccountViewController.swift in Sources */,
				78FBAA19208FB76C000FD863 /* ViewController.swift in Sources */,
				78FBAA17208FB76C000FD863 /* AppDelegate.swift in Sources */,
			);
			runOnlyForDeploymentPostprocessing = 0;
		};
/* End PBXSourcesBuildPhase section */

/* Begin PBXVariantGroup section */
		78FBAA1A208FB76C000FD863 /* Main.storyboard */ = {
			isa = PBXVariantGroup;
			children = (
				78FBAA1B208FB76C000FD863 /* Base */,
			);
			name = Main.storyboard;
			sourceTree = "<group>";
		};
		78FBAA1F208FB76D000FD863 /* LaunchScreen.storyboard */ = {
			isa = PBXVariantGroup;
			children = (
				78FBAA20208FB76D000FD863 /* Base */,
			);
			name = LaunchScreen.storyboard;
			sourceTree = "<group>";
		};
/* End PBXVariantGroup section */

/* Begin XCBuildConfiguration section */
		78FBAA23208FB76D000FD863 /* Debug */ = {
			isa = XCBuildConfiguration;
			buildSettings = {
				ALWAYS_SEARCH_USER_PATHS = NO;
				CLANG_ANALYZER_NONNULL = YES;
				CLANG_ANALYZER_NUMBER_OBJECT_CONVERSION = YES_AGGRESSIVE;
				CLANG_CXX_LANGUAGE_STANDARD = "gnu++14";
				CLANG_CXX_LIBRARY = "libc++";
				CLANG_ENABLE_MODULES = YES;
				CLANG_ENABLE_OBJC_ARC = YES;
				CLANG_ENABLE_OBJC_WEAK = YES;
				CLANG_WARN_BLOCK_CAPTURE_AUTORELEASING = YES;
				CLANG_WARN_BOOL_CONVERSION = YES;
				CLANG_WARN_COMMA = YES;
				CLANG_WARN_CONSTANT_CONVERSION = YES;
				CLANG_WARN_DEPRECATED_OBJC_IMPLEMENTATIONS = YES;
				CLANG_WARN_DIRECT_OBJC_ISA_USAGE = YES_ERROR;
				CLANG_WARN_DOCUMENTATION_COMMENTS = YES;
				CLANG_WARN_EMPTY_BODY = YES;
				CLANG_WARN_ENUM_CONVERSION = YES;
				CLANG_WARN_INFINITE_RECURSION = YES;
				CLANG_WARN_INT_CONVERSION = YES;
				CLANG_WARN_NON_LITERAL_NULL_CONVERSION = YES;
				CLANG_WARN_OBJC_IMPLICIT_RETAIN_SELF = YES;
				CLANG_WARN_OBJC_LITERAL_CONVERSION = YES;
				CLANG_WARN_OBJC_ROOT_CLASS = YES_ERROR;
				CLANG_WARN_RANGE_LOOP_ANALYSIS = YES;
				CLANG_WARN_STRICT_PROTOTYPES = YES;
				CLANG_WARN_SUSPICIOUS_MOVE = YES;
				CLANG_WARN_UNGUARDED_AVAILABILITY = YES_AGGRESSIVE;
				CLANG_WARN_UNREACHABLE_CODE = YES;
				CLANG_WARN__DUPLICATE_METHOD_MATCH = YES;
				CODE_SIGN_IDENTITY = "iPhone Developer";
				COPY_PHASE_STRIP = NO;
				DEBUG_INFORMATION_FORMAT = dwarf;
				ENABLE_STRICT_OBJC_MSGSEND = YES;
				ENABLE_TESTABILITY = YES;
				GCC_C_LANGUAGE_STANDARD = gnu11;
				GCC_DYNAMIC_NO_PIC = NO;
				GCC_NO_COMMON_BLOCKS = YES;
				GCC_OPTIMIZATION_LEVEL = 0;
				GCC_PREPROCESSOR_DEFINITIONS = (
					"DEBUG=1",
					"$(inherited)",
				);
				GCC_WARN_64_TO_32_BIT_CONVERSION = YES;
				GCC_WARN_ABOUT_RETURN_TYPE = YES_ERROR;
				GCC_WARN_UNDECLARED_SELECTOR = YES;
				GCC_WARN_UNINITIALIZED_AUTOS = YES_AGGRESSIVE;
				GCC_WARN_UNUSED_FUNCTION = YES;
				GCC_WARN_UNUSED_VARIABLE = YES;
				IPHONEOS_DEPLOYMENT_TARGET = 11.3;
				MTL_ENABLE_DEBUG_INFO = YES;
				ONLY_ACTIVE_ARCH = YES;
				SDKROOT = iphoneos;
				SWIFT_ACTIVE_COMPILATION_CONDITIONS = DEBUG;
				SWIFT_OPTIMIZATION_LEVEL = "-Onone";
			};
			name = Debug;
		};
		78FBAA24208FB76D000FD863 /* Release */ = {
			isa = XCBuildConfiguration;
			buildSettings = {
				ALWAYS_SEARCH_USER_PATHS = NO;
				CLANG_ANALYZER_NONNULL = YES;
				CLANG_ANALYZER_NUMBER_OBJECT_CONVERSION = YES_AGGRESSIVE;
				CLANG_CXX_LANGUAGE_STANDARD = "gnu++14";
				CLANG_CXX_LIBRARY = "libc++";
				CLANG_ENABLE_MODULES = YES;
				CLANG_ENABLE_OBJC_ARC = YES;
				CLANG_ENABLE_OBJC_WEAK = YES;
				CLANG_WARN_BLOCK_CAPTURE_AUTORELEASING = YES;
				CLANG_WARN_BOOL_CONVERSION = YES;
				CLANG_WARN_COMMA = YES;
				CLANG_WARN_CONSTANT_CONVERSION = YES;
				CLANG_WARN_DEPRECATED_OBJC_IMPLEMENTATIONS = YES;
				CLANG_WARN_DIRECT_OBJC_ISA_USAGE = YES_ERROR;
				CLANG_WARN_DOCUMENTATION_COMMENTS = YES;
				CLANG_WARN_EMPTY_BODY = YES;
				CLANG_WARN_ENUM_CONVERSION = YES;
				CLANG_WARN_INFINITE_RECURSION = YES;
				CLANG_WARN_INT_CONVERSION = YES;
				CLANG_WARN_NON_LITERAL_NULL_CONVERSION = YES;
				CLANG_WARN_OBJC_IMPLICIT_RETAIN_SELF = YES;
				CLANG_WARN_OBJC_LITERAL_CONVERSION = YES;
				CLANG_WARN_OBJC_ROOT_CLASS = YES_ERROR;
				CLANG_WARN_RANGE_LOOP_ANALYSIS = YES;
				CLANG_WARN_STRICT_PROTOTYPES = YES;
				CLANG_WARN_SUSPICIOUS_MOVE = YES;
				CLANG_WARN_UNGUARDED_AVAILABILITY = YES_AGGRESSIVE;
				CLANG_WARN_UNREACHABLE_CODE = YES;
				CLANG_WARN__DUPLICATE_METHOD_MATCH = YES;
				CODE_SIGN_IDENTITY = "iPhone Developer";
				COPY_PHASE_STRIP = NO;
				DEBUG_INFORMATION_FORMAT = "dwarf-with-dsym";
				ENABLE_NS_ASSERTIONS = NO;
				ENABLE_STRICT_OBJC_MSGSEND = YES;
				GCC_C_LANGUAGE_STANDARD = gnu11;
				GCC_NO_COMMON_BLOCKS = YES;
				GCC_WARN_64_TO_32_BIT_CONVERSION = YES;
				GCC_WARN_ABOUT_RETURN_TYPE = YES_ERROR;
				GCC_WARN_UNDECLARED_SELECTOR = YES;
				GCC_WARN_UNINITIALIZED_AUTOS = YES_AGGRESSIVE;
				GCC_WARN_UNUSED_FUNCTION = YES;
				GCC_WARN_UNUSED_VARIABLE = YES;
				IPHONEOS_DEPLOYMENT_TARGET = 11.3;
				MTL_ENABLE_DEBUG_INFO = NO;
				SDKROOT = iphoneos;
				SWIFT_COMPILATION_MODE = wholemodule;
				SWIFT_OPTIMIZATION_LEVEL = "-O";
				VALIDATE_PRODUCT = YES;
			};
			name = Release;
		};
		78FBAA26208FB76D000FD863 /* Debug */ = {
			isa = XCBuildConfiguration;
			buildSettings = {
				ASSETCATALOG_COMPILER_APPICON_NAME = AppIcon;
				CODE_SIGN_STYLE = Automatic;
				DEVELOPMENT_TEAM = Y8M7U5AX5L;
				INFOPLIST_FILE = LAMPinator/Info.plist;
				LD_RUNPATH_SEARCH_PATHS = (
					"$(inherited)",
					"@executable_path/Frameworks",
				);
				PRODUCT_BUNDLE_IDENTIFIER = edu.case.jck125.LAMPinator;
				PRODUCT_NAME = "$(TARGET_NAME)";
				SWIFT_VERSION = 4.0;
				TARGETED_DEVICE_FAMILY = "1,2";
			};
			name = Debug;
		};
		78FBAA27208FB76D000FD863 /* Release */ = {
			isa = XCBuildConfiguration;
			buildSettings = {
				ASSETCATALOG_COMPILER_APPICON_NAME = AppIcon;
				CODE_SIGN_STYLE = Automatic;
				DEVELOPMENT_TEAM = Y8M7U5AX5L;
				INFOPLIST_FILE = LAMPinator/Info.plist;
				LD_RUNPATH_SEARCH_PATHS = (
					"$(inherited)",
					"@executable_path/Frameworks",
				);
				PRODUCT_BUNDLE_IDENTIFIER = edu.case.jck125.LAMPinator;
				PRODUCT_NAME = "$(TARGET_NAME)";
				SWIFT_VERSION = 4.0;
				TARGETED_DEVICE_FAMILY = "1,2";
			};
			name = Release;
		};
/* End XCBuildConfiguration section */

/* Begin XCConfigurationList section */
		78FBAA0E208FB76C000FD863 /* Build configuration list for PBXProject "LAMPinator" */ = {
			isa = XCConfigurationList;
			buildConfigurations = (
				78FBAA23208FB76D000FD863 /* Debug */,
				78FBAA24208FB76D000FD863 /* Release */,
			);
			defaultConfigurationIsVisible = 0;
			defaultConfigurationName = Release;
		};
		78FBAA25208FB76D000FD863 /* Build configuration list for PBXNativeTarget "LAMPinator" */ = {
			isa = XCConfigurationList;
			buildConfigurations = (
				78FBAA26208FB76D000FD863 /* Debug */,
				78FBAA27208FB76D000FD863 /* Release */,
			);
			defaultConfigurationIsVisible = 0;
			defaultConfigurationName = Release;
		};
/* End XCConfigurationList section */
	};
	rootObject = 78FBAA0B208FB76C000FD863 /* Project object */;
}
